
Microsoft Visual Studio Solution File, Format Version 12.00
Project("{FAE04EC0-301F-11D3-BF4B-00C04F79EFBC}") = "DragonFruit.OnionFruit.Core", "DragonFruit.OnionFruit.Core\DragonFruit.OnionFruit.Core.csproj", "{741DA703-F2A5-41C3-9910-C1CE6507ED1D}"
EndProject
Global
	GlobalSection(SolutionConfigurationPlatforms) = preSolution
		Debug|Any CPU = Debug|Any CPU
		Release|Any CPU = Release|Any CPU
	EndGlobalSection
	GlobalSection(ProjectConfigurationPlatforms) = postSolution
		{741DA703-F2A5-41C3-9910-C1CE6507ED1D}.Debug|Any CPU.ActiveCfg = Debug|Any CPU
		{741DA703-F2A5-41C3-9910-C1CE6507ED1D}.Debug|Any CPU.Build.0 = Debug|Any CPU
		{741DA703-F2A5-41C3-9910-C1CE6507ED1D}.Release|Any CPU.ActiveCfg = Release|Any CPU
		{741DA703-F2A5-41C3-9910-C1CE6507ED1D}.Release|Any CPU.Build.0 = Release|Any CPU
	EndGlobalSection
EndGlobal
